// !$*UTF8*$!
{
	archiveVersion = 1;
	classes = {
	};
	objectVersion = 50;
	objects = {

/* Begin PBXBuildFile section */
		18763B822146D3F200A64E2A /* AppDelegate.swift in Sources */ = {isa = PBXBuildFile; fileRef = 18763B812146D3F200A64E2A /* AppDelegate.swift */; };
		18763B842146D3F200A64E2A /* ViewController.swift in Sources */ = {isa = PBXBuildFile; fileRef = 18763B832146D3F200A64E2A /* ViewController.swift */; };
		18763B872146D3F200A64E2A /* Main.storyboard in Resources */ = {isa = PBXBuildFile; fileRef = 18763B852146D3F200A64E2A /* Main.storyboard */; };
		18763B892146D3F300A64E2A /* Assets.xcassets in Resources */ = {isa = PBXBuildFile; fileRef = 18763B882146D3F300A64E2A /* Assets.xcassets */; };
		18763B8C2146D3F300A64E2A /* LaunchScreen.storyboard in Resources */ = {isa = PBXBuildFile; fileRef = 18763B8A2146D3F300A64E2A /* LaunchScreen.storyboard */; };
		18763B952146D43100A64E2A /* gameModel.swift in Sources */ = {isa = PBXBuildFile; fileRef = 18763B942146D43100A64E2A /* gameModel.swift */; };
		18763B982146D81400A64E2A /* ScoreView.swift in Sources */ = {isa = PBXBuildFile; fileRef = 18763B972146D81400A64E2A /* ScoreView.swift */; };
		18763B9A2146DED000A64E2A /* TileView.swift in Sources */ = {isa = PBXBuildFile; fileRef = 18763B992146DED000A64E2A /* TileView.swift */; };
		18763B9C2146E02500A64E2A /* AppearanceProvider.swift in Sources */ = {isa = PBXBuildFile; fileRef = 18763B9B2146E02500A64E2A /* AppearanceProvider.swift */; };
		18763B9E2146E27B00A64E2A /* NumberTileGame.swift in Sources */ = {isa = PBXBuildFile; fileRef = 18763B9D2146E27B00A64E2A /* NumberTileGame.swift */; };
/* End PBXBuildFile section */

/* Begin PBXFileReference section */
		18763B7E2146D3F200A64E2A /* 2048-clone.app */ = {isa = PBXFileReference; explicitFileType = wrapper.application; includeInIndex = 0; path = "2048-clone.app"; sourceTree = BUILT_PRODUCTS_DIR; };
		18763B812146D3F200A64E2A /* AppDelegate.swift */ = {isa = PBXFileReference; lastKnownFileType = sourcecode.swift; path = AppDelegate.swift; sourceTree = "<group>"; };
		18763B832146D3F200A64E2A /* ViewController.swift */ = {isa = PBXFileReference; lastKnownFileType = sourcecode.swift; path = ViewController.swift; sourceTree = "<group>"; };
		18763B862146D3F200A64E2A /* Base */ = {isa = PBXFileReference; lastKnownFileType = file.storyboard; name = Base; path = Base.lproj/Main.storyboard; sourceTree = "<group>"; };
		18763B882146D3F300A64E2A /* Assets.xcassets */ = {isa = PBXFileReference; lastKnownFileType = folder.assetcatalog; path = Assets.xcassets; sourceTree = "<group>"; };
		18763B8B2146D3F300A64E2A /* Base */ = {isa = PBXFileReference; lastKnownFileType = file.storyboard; name = Base; path = Base.lproj/LaunchScreen.storyboard; sourceTree = "<group>"; };
		18763B8D2146D3F300A64E2A /* Info.plist */ = {isa = PBXFileReference; lastKnownFileType = text.plist.xml; path = Info.plist; sourceTree = "<group>"; };
		18763B942146D43100A64E2A /* gameModel.swift */ = {isa = PBXFileReference; lastKnownFileType = sourcecode.swift; path = gameModel.swift; sourceTree = "<group>"; };
		18763B972146D81400A64E2A /* ScoreView.swift */ = {isa = PBXFileReference; lastKnownFileType = sourcecode.swift; path = ScoreView.swift; sourceTree = "<group>"; };
		18763B992146DED000A64E2A /* TileView.swift */ = {isa = PBXFileReference; lastKnownFileType = sourcecode.swift; path = TileView.swift; sourceTree = "<group>"; };
		18763B9B2146E02500A64E2A /* AppearanceProvider.swift */ = {isa = PBXFileReference; lastKnownFileType = sourcecode.swift; path = AppearanceProvider.swift; sourceTree = "<group>"; };
		18763B9D2146E27B00A64E2A /* NumberTileGame.swift */ = {isa = PBXFileReference; lastKnownFileType = sourcecode.swift; path = NumberTileGame.swift; sourceTree = "<group>"; };
/* End PBXFileReference section */

/* Begin PBXFrameworksBuildPhase section */
		18763B7B2146D3F200A64E2A /* Frameworks */ = {
			isa = PBXFrameworksBuildPhase;
			buildActionMask = 2147483647;
			files = (
			);
			runOnlyForDeploymentPostprocessing = 0;
		};
/* End PBXFrameworksBuildPhase section */

/* Begin PBXGroup section */
		18763B752146D3F200A64E2A = {
			isa = PBXGroup;
			children = (
				18763B802146D3F200A64E2A /* 2048-clone */,
				18763B7F2146D3F200A64E2A /* Products */,
			);
			sourceTree = "<group>";
		};
		18763B7F2146D3F200A64E2A /* Products */ = {
			isa = PBXGroup;
			children = (
				18763B7E2146D3F200A64E2A /* 2048-clone.app */,
			);
			name = Products;
			sourceTree = "<group>";
		};
		18763B802146D3F200A64E2A /* 2048-clone */ = {
			isa = PBXGroup;
			children = (
				18763B962146D7FE00A64E2A /* View */,
				18763B932146D42300A64E2A /* Models */,
				18763B812146D3F200A64E2A /* AppDelegate.swift */,
				18763B832146D3F200A64E2A /* ViewController.swift */,
				18763B852146D3F200A64E2A /* Main.storyboard */,
				18763B882146D3F300A64E2A /* Assets.xcassets */,
				18763B8A2146D3F300A64E2A /* LaunchScreen.storyboard */,
				18763B8D2146D3F300A64E2A /* Info.plist */,
				18763B9B2146E02500A64E2A /* AppearanceProvider.swift */,
				18763B9D2146E27B00A64E2A /* NumberTileGame.swift */,
			);
			path = "2048-clone";
			sourceTree = "<group>";
		};
		18763B932146D42300A64E2A /* Models */ = {
			isa = PBXGroup;
			children = (
				18763B942146D43100A64E2A /* gameModel.swift */,
			);
			path = Models;
			sourceTree = "<group>";
		};
		18763B962146D7FE00A64E2A /* View */ = {
			isa = PBXGroup;
			children = (
				18763B972146D81400A64E2A /* ScoreView.swift */,
				18763B992146DED000A64E2A /* TileView.swift */,
			);
			path = View;
			sourceTree = "<group>";
		};
/* End PBXGroup section */

/* Begin PBXNativeTarget section */
		18763B7D2146D3F200A64E2A /* 2048-clone */ = {
			isa = PBXNativeTarget;
			buildConfigurationList = 18763B902146D3F300A64E2A /* Build configuration list for PBXNativeTarget "2048-clone" */;
			buildPhases = (
				18763B7A2146D3F200A64E2A /* Sources */,
				18763B7B2146D3F200A64E2A /* Frameworks */,
				18763B7C2146D3F200A64E2A /* Resources */,
			);
			buildRules = (
			);
			dependencies = (
			);
			name = "2048-clone";
			productName = "2048-clone";
			productReference = 18763B7E2146D3F200A64E2A /* 2048-clone.app */;
			productType = "com.apple.product-type.application";
		};
/* End PBXNativeTarget section */

/* Begin PBXProject section */
		18763B762146D3F200A64E2A /* Project object */ = {
			isa = PBXProject;
			attributes = {
				LastSwiftUpdateCheck = 0930;
				LastUpgradeCheck = 0930;
				ORGANIZATIONNAME = shiv;
				TargetAttributes = {
					18763B7D2146D3F200A64E2A = {
						CreatedOnToolsVersion = 9.3;
					};
				};
			};
			buildConfigurationList = 18763B792146D3F200A64E2A /* Build configuration list for PBXProject "2048-clone" */;
			compatibilityVersion = "Xcode 9.3";
			developmentRegion = en;
			hasScannedForEncodings = 0;
			knownRegions = (
				en,
				Base,
			);
			mainGroup = 18763B752146D3F200A64E2A;
			productRefGroup = 18763B7F2146D3F200A64E2A /* Products */;
			projectDirPath = "";
			projectRoot = "";
			targets = (
				18763B7D2146D3F200A64E2A /* 2048-clone */,
			);
		};
/* End PBXProject section */

/* Begin PBXResourcesBuildPhase section */
		18763B7C2146D3F200A64E2A /* Resources */ = {
			isa = PBXResourcesBuildPhase;
			buildActionMask = 2147483647;
			files = (
				18763B8C2146D3F300A64E2A /* LaunchScreen.storyboard in Resources */,
				18763B892146D3F300A64E2A /* Assets.xcassets in Resources */,
				18763B872146D3F200A64E2A /* Main.storyboard in Resources */,
			);
			runOnlyForDeploymentPostprocessing = 0;
		};
/* End PBXResourcesBuildPhase section */

/* Begin PBXSourcesBuildPhase section */
		18763B7A2146D3F200A64E2A /* Sources */ = {
			isa = PBXSourcesBuildPhase;
			buildActionMask = 2147483647;
			files = (
				18763B9E2146E27B00A64E2A /* NumberTileGame.swift in Sources */,
				18763B842146D3F200A64E2A /* ViewController.swift in Sources */,
				18763B982146D81400A64E2A /* ScoreView.swift in Sources */,
				18763B9C2146E02500A64E2A /* AppearanceProvider.swift in Sources */,
				18763B822146D3F200A64E2A /* AppDelegate.swift in Sources */,
				18763B9A2146DED000A64E2A /* TileView.swift in Sources */,
				18763B952146D43100A64E2A /* gameModel.swift in Sources */,
			);
			runOnlyForDeploymentPostprocessing = 0;
		};
/* End PBXSourcesBuildPhase section */

/* Begin PBXVariantGroup section */
		18763B852146D3F200A64E2A /* Main.storyboard */ = {
			isa = PBXVariantGroup;
			children = (
				18763B862146D3F200A64E2A /* Base */,
			);
			name = Main.storyboard;
			sourceTree = "<group>";
		};
		18763B8A2146D3F300A64E2A /* LaunchScreen.storyboard */ = {
			isa = PBXVariantGroup;
			children = (
				18763B8B2146D3F300A64E2A /* Base */,
			);
			name = LaunchScreen.storyboard;
			sourceTree = "<group>";
		};
/* End PBXVariantGroup section */

/* Begin XCBuildConfiguration section */
		18763B8E2146D3F300A64E2A /* Debug */ = {
			isa = XCBuildConfiguration;
			buildSettings = {
				ALWAYS_SEARCH_USER_PATHS = NO;
				CLANG_ANALYZER_NONNULL = YES;
				CLANG_ANALYZER_NUMBER_OBJECT_CONVERSION = YES_AGGRESSIVE;
				CLANG_CXX_LANGUAGE_STANDARD = "gnu++14";
				CLANG_CXX_LIBRARY = "libc++";
				CLANG_ENABLE_MODULES = YES;
				CLANG_ENABLE_OBJC_ARC = YES;
				CLANG_ENABLE_OBJC_WEAK = YES;
				CLANG_WARN_BLOCK_CAPTURE_AUTORELEASING = YES;
				CLANG_WARN_BOOL_CONVERSION = YES;
				CLANG_WARN_COMMA = YES;
				CLANG_WARN_CONSTANT_CONVERSION = YES;
				CLANG_WARN_DEPRECATED_OBJC_IMPLEMENTATIONS = YES;
				CLANG_WARN_DIRECT_OBJC_ISA_USAGE = YES_ERROR;
				CLANG_WARN_DOCUMENTATION_COMMENTS = YES;
				CLANG_WARN_EMPTY_BODY = YES;
				CLANG_WARN_ENUM_CONVERSION = YES;
				CLANG_WARN_INFINITE_RECURSION = YES;
				CLANG_WARN_INT_CONVERSION = YES;
				CLANG_WARN_NON_LITERAL_NULL_CONVERSION = YES;
				CLANG_WARN_OBJC_IMPLICIT_RETAIN_SELF = YES;
				CLANG_WARN_OBJC_LITERAL_CONVERSION = YES;
				CLANG_WARN_OBJC_ROOT_CLASS = YES_ERROR;
				CLANG_WARN_RANGE_LOOP_ANALYSIS = YES;
				CLANG_WARN_STRICT_PROTOTYPES = YES;
				CLANG_WARN_SUSPICIOUS_MOVE = YES;
				CLANG_WARN_UNGUARDED_AVAILABILITY = YES_AGGRESSIVE;
				CLANG_WARN_UNREACHABLE_CODE = YES;
				CLANG_WARN__DUPLICATE_METHOD_MATCH = YES;
				CODE_SIGN_IDENTITY = "iPhone Developer";
				COPY_PHASE_STRIP = NO;
				DEBUG_INFORMATION_FORMAT = dwarf;
				ENABLE_STRICT_OBJC_MSGSEND = YES;
				ENABLE_TESTABILITY = YES;
				GCC_C_LANGUAGE_STANDARD = gnu11;
				GCC_DYNAMIC_NO_PIC = NO;
				GCC_NO_COMMON_BLOCKS = YES;
				GCC_OPTIMIZATION_LEVEL = 0;
				GCC_PREPROCESSOR_DEFINITIONS = (
					"DEBUG=1",
					"$(inherited)",
				);
				GCC_WARN_64_TO_32_BIT_CONVERSION = YES;
				GCC_WARN_ABOUT_RETURN_TYPE = YES_ERROR;
				GCC_WARN_UNDECLARED_SELECTOR = YES;
				GCC_WARN_UNINITIALIZED_AUTOS = YES_AGGRESSIVE;
				GCC_WARN_UNUSED_FUNCTION = YES;
				GCC_WARN_UNUSED_VARIABLE = YES;
				IPHONEOS_DEPLOYMENT_TARGET = 11.3;
				MTL_ENABLE_DEBUG_INFO = YES;
				ONLY_ACTIVE_ARCH = YES;
				SDKROOT = iphoneos;
				SWIFT_ACTIVE_COMPILATION_CONDITIONS = DEBUG;
				SWIFT_OPTIMIZATION_LEVEL = "-Onone";
			};
			name = Debug;
		};
		18763B8F2146D3F300A64E2A /* Release */ = {
			isa = XCBuildConfiguration;
			buildSettings = {
				ALWAYS_SEARCH_USER_PATHS = NO;
				CLANG_ANALYZER_NONNULL = YES;
				CLANG_ANALYZER_NUMBER_OBJECT_CONVERSION = YES_AGGRESSIVE;
				CLANG_CXX_LANGUAGE_STANDARD = "gnu++14";
				CLANG_CXX_LIBRARY = "libc++";
				CLANG_ENABLE_MODULES = YES;
				CLANG_ENABLE_OBJC_ARC = YES;
				CLANG_ENABLE_OBJC_WEAK = YES;
				CLANG_WARN_BLOCK_CAPTURE_AUTORELEASING = YES;
				CLANG_WARN_BOOL_CONVERSION = YES;
				CLANG_WARN_COMMA = YES;
				CLANG_WARN_CONSTANT_CONVERSION = YES;
				CLANG_WARN_DEPRECATED_OBJC_IMPLEMENTATIONS = YES;
				CLANG_WARN_DIRECT_OBJC_ISA_USAGE = YES_ERROR;
				CLANG_WARN_DOCUMENTATION_COMMENTS = YES;
				CLANG_WARN_EMPTY_BODY = YES;
				CLANG_WARN_ENUM_CONVERSION = YES;
				CLANG_WARN_INFINITE_RECURSION = YES;
				CLANG_WARN_INT_CONVERSION = YES;
				CLANG_WARN_NON_LITERAL_NULL_CONVERSION = YES;
				CLANG_WARN_OBJC_IMPLICIT_RETAIN_SELF = YES;
				CLANG_WARN_OBJC_LITERAL_CONVERSION = YES;
				CLANG_WARN_OBJC_ROOT_CLASS = YES_ERROR;
				CLANG_WARN_RANGE_LOOP_ANALYSIS = YES;
				CLANG_WARN_STRICT_PROTOTYPES = YES;
				CLANG_WARN_SUSPICIOUS_MOVE = YES;
				CLANG_WARN_UNGUARDED_AVAILABILITY = YES_AGGRESSIVE;
				CLANG_WARN_UNREACHABLE_CODE = YES;
				CLANG_WARN__DUPLICATE_METHOD_MATCH = YES;
				CODE_SIGN_IDENTITY = "iPhone Developer";
				COPY_PHASE_STRIP = NO;
				DEBUG_INFORMATION_FORMAT = "dwarf-with-dsym";
				ENABLE_NS_ASSERTIONS = NO;
				ENABLE_STRICT_OBJC_MSGSEND = YES;
				GCC_C_LANGUAGE_STANDARD = gnu11;
				GCC_NO_COMMON_BLOCKS = YES;
				GCC_WARN_64_TO_32_BIT_CONVERSION = YES;
				GCC_WARN_ABOUT_RETURN_TYPE = YES_ERROR;
				GCC_WARN_UNDECLARED_SELECTOR = YES;
				GCC_WARN_UNINITIALIZED_AUTOS = YES_AGGRESSIVE;
				GCC_WARN_UNUSED_FUNCTION = YES;
				GCC_WARN_UNUSED_VARIABLE = YES;
				IPHONEOS_DEPLOYMENT_TARGET = 11.3;
				MTL_ENABLE_DEBUG_INFO = NO;
				SDKROOT = iphoneos;
				SWIFT_COMPILATION_MODE = wholemodule;
				SWIFT_OPTIMIZATION_LEVEL = "-O";
				VALIDATE_PRODUCT = YES;
			};
			name = Release;
		};
		18763B912146D3F300A64E2A /* Debug */ = {
			isa = XCBuildConfiguration;
			buildSettings = {
				ASSETCATALOG_COMPILER_APPICON_NAME = AppIcon;
				CODE_SIGN_STYLE = Automatic;
				INFOPLIST_FILE = "2048-clone/Info.plist";
				LD_RUNPATH_SEARCH_PATHS = (
					"$(inherited)",
					"@executable_path/Frameworks",
				);
				PRODUCT_BUNDLE_IDENTIFIER = "cs.-048-clone";
				PRODUCT_NAME = "$(TARGET_NAME)";
				SWIFT_VERSION = 4.0;
				TARGETED_DEVICE_FAMILY = "1,2";
			};
			name = Debug;
		};
		18763B922146D3F300A64E2A /* Release */ = {
			isa = XCBuildConfiguration;
			buildSettings = {
				ASSETCATALOG_COMPILER_APPICON_NAME = AppIcon;
				CODE_SIGN_STYLE = Automatic;
				INFOPLIST_FILE = "2048-clone/Info.plist";
				LD_RUNPATH_SEARCH_PATHS = (
					"$(inherited)",
					"@executable_path/Frameworks",
				);
				PRODUCT_BUNDLE_IDENTIFIER = "cs.-048-clone";
				PRODUCT_NAME = "$(TARGET_NAME)";
				SWIFT_VERSION = 4.0;
				TARGETED_DEVICE_FAMILY = "1,2";
			};
			name = Release;
		};
/* End XCBuildConfiguration section */

/* Begin XCConfigurationList section */
		18763B792146D3F200A64E2A /* Build configuration list for PBXProject "2048-clone" */ = {
			isa = XCConfigurationList;
			buildConfigurations = (
				18763B8E2146D3F300A64E2A /* Debug */,
				18763B8F2146D3F300A64E2A /* Release */,
			);
			defaultConfigurationIsVisible = 0;
			defaultConfigurationName = Release;
		};
		18763B902146D3F300A64E2A /* Build configuration list for PBXNativeTarget "2048-clone" */ = {
			isa = XCConfigurationList;
			buildConfigurations = (
				18763B912146D3F300A64E2A /* Debug */,
				18763B922146D3F300A64E2A /* Release */,
			);
			defaultConfigurationIsVisible = 0;
			defaultConfigurationName = Release;
		};
/* End XCConfigurationList section */
	};
	rootObject = 18763B762146D3F200A64E2A /* Project object */;
}
